
Microsoft Visual Studio Solution File, Format Version 12.00
# Visual Studio Version 17
VisualStudioVersion = 17.5.002.0
MinimumVisualStudioVersion = 10.0.40219.1
Project("{9A19103F-16F7-4668-BE54-9A1E7A4F7556}") = "Check-if-a-number-in-an-array-has-a-pair-", "Check-if-a-number-in-an-array-has-a-pair-.csproj", "{FCAC8E28-4019-4ED5-B042-5CB4372B363A}"
EndProject
Global
	GlobalSection(SolutionConfigurationPlatforms) = preSolution
		Debug|Any CPU = Debug|Any CPU
		Release|Any CPU = Release|Any CPU
	EndGlobalSection
	GlobalSection(ProjectConfigurationPlatforms) = postSolution
		{FCAC8E28-4019-4ED5-B042-5CB4372B363A}.Debug|Any CPU.ActiveCfg = Debug|Any CPU
		{FCAC8E28-4019-4ED5-B042-5CB4372B363A}.Debug|Any CPU.Build.0 = Debug|Any CPU
		{FCAC8E28-4019-4ED5-B042-5CB4372B363A}.Release|Any CPU.ActiveCfg = Release|Any CPU
		{FCAC8E28-4019-4ED5-B042-5CB4372B363A}.Release|Any CPU.Build.0 = Release|Any CPU
	EndGlobalSection
	GlobalSection(SolutionProperties) = preSolution
		HideSolutionNode = FALSE
	EndGlobalSection
	GlobalSection(ExtensibilityGlobals) = postSolution
		SolutionGuid = {4899B1D5-3E18-4F98-9255-B50C5B6342F7}
	EndGlobalSection
EndGlobal
